// !$*UTF8*$!
{
	archiveVersion = 1;
	classes = {
	};
	objectVersion = 48;
	objects = {

/* Begin PBXBuildFile section */
		E3D8973B203A4F92008D6EBD /* AppDelegate.swift in Sources */ = {isa = PBXBuildFile; fileRef = E3D8973A203A4F92008D6EBD /* AppDelegate.swift */; };
		E3D8973D203A4F92008D6EBD /* ViewController.swift in Sources */ = {isa = PBXBuildFile; fileRef = E3D8973C203A4F92008D6EBD /* ViewController.swift */; };
		E3D89740203A4F92008D6EBD /* Main.storyboard in Resources */ = {isa = PBXBuildFile; fileRef = E3D8973E203A4F92008D6EBD /* Main.storyboard */; };
		E3D89742203A4F92008D6EBD /* Assets.xcassets in Resources */ = {isa = PBXBuildFile; fileRef = E3D89741203A4F92008D6EBD /* Assets.xcassets */; };
		E3D89745203A4F92008D6EBD /* LaunchScreen.storyboard in Resources */ = {isa = PBXBuildFile; fileRef = E3D89743203A4F92008D6EBD /* LaunchScreen.storyboard */; };
		E3D8974D203A5122008D6EBD /* meals.plist in Resources */ = {isa = PBXBuildFile; fileRef = E3D8974C203A5122008D6EBD /* meals.plist */; };
		E3D8974F203A5481008D6EBD /* Meals.swift in Sources */ = {isa = PBXBuildFile; fileRef = E3D8974E203A5481008D6EBD /* Meals.swift */; };
		E3D89753203A5BAD008D6EBD /* DetailViewController.swift in Sources */ = {isa = PBXBuildFile; fileRef = E3D89752203A5BAD008D6EBD /* DetailViewController.swift */; };
		E3D89757203A6A24008D6EBD /* AddIngredientViewController.swift in Sources */ = {isa = PBXBuildFile; fileRef = E3D89756203A6A24008D6EBD /* AddIngredientViewController.swift */; };
		E3D89759203A8803008D6EBD /* AddMealViewController.swift in Sources */ = {isa = PBXBuildFile; fileRef = E3D89758203A8803008D6EBD /* AddMealViewController.swift */; };
		E3D8975B203A938A008D6EBD /* SearchResultsController.swift in Sources */ = {isa = PBXBuildFile; fileRef = E3D8975A203A938A008D6EBD /* SearchResultsController.swift */; };
/* End PBXBuildFile section */

/* Begin PBXFileReference section */
		E3D89737203A4F92008D6EBD /* mealTime.app */ = {isa = PBXFileReference; explicitFileType = wrapper.application; includeInIndex = 0; path = mealTime.app; sourceTree = BUILT_PRODUCTS_DIR; };
		E3D8973A203A4F92008D6EBD /* AppDelegate.swift */ = {isa = PBXFileReference; lastKnownFileType = sourcecode.swift; path = AppDelegate.swift; sourceTree = "<group>"; };
		E3D8973C203A4F92008D6EBD /* ViewController.swift */ = {isa = PBXFileReference; lastKnownFileType = sourcecode.swift; path = ViewController.swift; sourceTree = "<group>"; };
		E3D8973F203A4F92008D6EBD /* Base */ = {isa = PBXFileReference; lastKnownFileType = file.storyboard; name = Base; path = Base.lproj/Main.storyboard; sourceTree = "<group>"; };
		E3D89741203A4F92008D6EBD /* Assets.xcassets */ = {isa = PBXFileReference; lastKnownFileType = folder.assetcatalog; path = Assets.xcassets; sourceTree = "<group>"; };
		E3D89744203A4F92008D6EBD /* Base */ = {isa = PBXFileReference; lastKnownFileType = file.storyboard; name = Base; path = Base.lproj/LaunchScreen.storyboard; sourceTree = "<group>"; };
		E3D89746203A4F92008D6EBD /* Info.plist */ = {isa = PBXFileReference; lastKnownFileType = text.plist.xml; path = Info.plist; sourceTree = "<group>"; };
		E3D8974C203A5122008D6EBD /* meals.plist */ = {isa = PBXFileReference; lastKnownFileType = text.plist.xml; path = meals.plist; sourceTree = "<group>"; };
		E3D8974E203A5481008D6EBD /* Meals.swift */ = {isa = PBXFileReference; lastKnownFileType = sourcecode.swift; path = Meals.swift; sourceTree = "<group>"; };
		E3D89752203A5BAD008D6EBD /* DetailViewController.swift */ = {isa = PBXFileReference; lastKnownFileType = sourcecode.swift; path = DetailViewController.swift; sourceTree = "<group>"; };
		E3D89756203A6A24008D6EBD /* AddIngredientViewController.swift */ = {isa = PBXFileReference; lastKnownFileType = sourcecode.swift; path = AddIngredientViewController.swift; sourceTree = "<group>"; };
		E3D89758203A8803008D6EBD /* AddMealViewController.swift */ = {isa = PBXFileReference; lastKnownFileType = sourcecode.swift; path = AddMealViewController.swift; sourceTree = "<group>"; };
		E3D8975A203A938A008D6EBD /* SearchResultsController.swift */ = {isa = PBXFileReference; lastKnownFileType = sourcecode.swift; path = SearchResultsController.swift; sourceTree = "<group>"; };
/* End PBXFileReference section */

/* Begin PBXFrameworksBuildPhase section */
		E3D89734203A4F92008D6EBD /* Frameworks */ = {
			isa = PBXFrameworksBuildPhase;
			buildActionMask = 2147483647;
			files = (
			);
			runOnlyForDeploymentPostprocessing = 0;
		};
/* End PBXFrameworksBuildPhase section */

/* Begin PBXGroup section */
		E3D8972E203A4F92008D6EBD = {
			isa = PBXGroup;
			children = (
				E3D89739203A4F92008D6EBD /* mealTime */,
				E3D89738203A4F92008D6EBD /* Products */,
			);
			sourceTree = "<group>";
		};
		E3D89738203A4F92008D6EBD /* Products */ = {
			isa = PBXGroup;
			children = (
				E3D89737203A4F92008D6EBD /* mealTime.app */,
			);
			name = Products;
			sourceTree = "<group>";
		};
		E3D89739203A4F92008D6EBD /* mealTime */ = {
			isa = PBXGroup;
			children = (
				E3D8973A203A4F92008D6EBD /* AppDelegate.swift */,
				E3D8973C203A4F92008D6EBD /* ViewController.swift */,
				E3D8974E203A5481008D6EBD /* Meals.swift */,
				E3D89752203A5BAD008D6EBD /* DetailViewController.swift */,
				E3D8975A203A938A008D6EBD /* SearchResultsController.swift */,
				E3D89758203A8803008D6EBD /* AddMealViewController.swift */,
				E3D89756203A6A24008D6EBD /* AddIngredientViewController.swift */,
				E3D8973E203A4F92008D6EBD /* Main.storyboard */,
				E3D89741203A4F92008D6EBD /* Assets.xcassets */,
				E3D89743203A4F92008D6EBD /* LaunchScreen.storyboard */,
				E3D8974C203A5122008D6EBD /* meals.plist */,
				E3D89746203A4F92008D6EBD /* Info.plist */,
			);
			path = mealTime;
			sourceTree = "<group>";
		};
/* End PBXGroup section */

/* Begin PBXNativeTarget section */
		E3D89736203A4F92008D6EBD /* mealTime */ = {
			isa = PBXNativeTarget;
			buildConfigurationList = E3D89749203A4F92008D6EBD /* Build configuration list for PBXNativeTarget "mealTime" */;
			buildPhases = (
				E3D89733203A4F92008D6EBD /* Sources */,
				E3D89734203A4F92008D6EBD /* Frameworks */,
				E3D89735203A4F92008D6EBD /* Resources */,
			);
			buildRules = (
			);
			dependencies = (
			);
			name = mealTime;
			productName = mealTime;
			productReference = E3D89737203A4F92008D6EBD /* mealTime.app */;
			productType = "com.apple.product-type.application";
		};
/* End PBXNativeTarget section */

/* Begin PBXProject section */
		E3D8972F203A4F92008D6EBD /* Project object */ = {
			isa = PBXProject;
			attributes = {
				LastSwiftUpdateCheck = 0920;
				LastUpgradeCheck = 0920;
				ORGANIZATIONNAME = "Tyler MIRONUCK";
				TargetAttributes = {
					E3D89736203A4F92008D6EBD = {
						CreatedOnToolsVersion = 9.2;
						ProvisioningStyle = Automatic;
					};
				};
			};
			buildConfigurationList = E3D89732203A4F92008D6EBD /* Build configuration list for PBXProject "mealTime" */;
			compatibilityVersion = "Xcode 8.0";
			developmentRegion = en;
			hasScannedForEncodings = 0;
			knownRegions = (
				en,
				Base,
			);
			mainGroup = E3D8972E203A4F92008D6EBD;
			productRefGroup = E3D89738203A4F92008D6EBD /* Products */;
			projectDirPath = "";
			projectRoot = "";
			targets = (
				E3D89736203A4F92008D6EBD /* mealTime */,
			);
		};
/* End PBXProject section */

/* Begin PBXResourcesBuildPhase section */
		E3D89735203A4F92008D6EBD /* Resources */ = {
			isa = PBXResourcesBuildPhase;
			buildActionMask = 2147483647;
			files = (
				E3D89745203A4F92008D6EBD /* LaunchScreen.storyboard in Resources */,
				E3D89742203A4F92008D6EBD /* Assets.xcassets in Resources */,
				E3D89740203A4F92008D6EBD /* Main.storyboard in Resources */,
				E3D8974D203A5122008D6EBD /* meals.plist in Resources */,
			);
			runOnlyForDeploymentPostprocessing = 0;
		};
/* End PBXResourcesBuildPhase section */

/* Begin PBXSourcesBuildPhase section */
		E3D89733203A4F92008D6EBD /* Sources */ = {
			isa = PBXSourcesBuildPhase;
			buildActionMask = 2147483647;
			files = (
				E3D8974F203A5481008D6EBD /* Meals.swift in Sources */,
				E3D89757203A6A24008D6EBD /* AddIngredientViewController.swift in Sources */,
				E3D8973D203A4F92008D6EBD /* ViewController.swift in Sources */,
				E3D8975B203A938A008D6EBD /* SearchResultsController.swift in Sources */,
				E3D89759203A8803008D6EBD /* AddMealViewController.swift in Sources */,
				E3D8973B203A4F92008D6EBD /* AppDelegate.swift in Sources */,
				E3D89753203A5BAD008D6EBD /* DetailViewController.swift in Sources */,
			);
			runOnlyForDeploymentPostprocessing = 0;
		};
/* End PBXSourcesBuildPhase section */

/* Begin PBXVariantGroup section */
		E3D8973E203A4F92008D6EBD /* Main.storyboard */ = {
			isa = PBXVariantGroup;
			children = (
				E3D8973F203A4F92008D6EBD /* Base */,
			);
			name = Main.storyboard;
			sourceTree = "<group>";
		};
		E3D89743203A4F92008D6EBD /* LaunchScreen.storyboard */ = {
			isa = PBXVariantGroup;
			children = (
				E3D89744203A4F92008D6EBD /* Base */,
			);
			name = LaunchScreen.storyboard;
			sourceTree = "<group>";
		};
/* End PBXVariantGroup section */

/* Begin XCBuildConfiguration section */
		E3D89747203A4F92008D6EBD /* Debug */ = {
			isa = XCBuildConfiguration;
			buildSettings = {
				ALWAYS_SEARCH_USER_PATHS = NO;
				CLANG_ANALYZER_NONNULL = YES;
				CLANG_ANALYZER_NUMBER_OBJECT_CONVERSION = YES_AGGRESSIVE;
				CLANG_CXX_LANGUAGE_STANDARD = "gnu++14";
				CLANG_CXX_LIBRARY = "libc++";
				CLANG_ENABLE_MODULES = YES;
				CLANG_ENABLE_OBJC_ARC = YES;
				CLANG_WARN_BLOCK_CAPTURE_AUTORELEASING = YES;
				CLANG_WARN_BOOL_CONVERSION = YES;
				CLANG_WARN_COMMA = YES;
				CLANG_WARN_CONSTANT_CONVERSION = YES;
				CLANG_WARN_DIRECT_OBJC_ISA_USAGE = YES_ERROR;
				CLANG_WARN_DOCUMENTATION_COMMENTS = YES;
				CLANG_WARN_EMPTY_BODY = YES;
				CLANG_WARN_ENUM_CONVERSION = YES;
				CLANG_WARN_INFINITE_RECURSION = YES;
				CLANG_WARN_INT_CONVERSION = YES;
				CLANG_WARN_NON_LITERAL_NULL_CONVERSION = YES;
				CLANG_WARN_OBJC_LITERAL_CONVERSION = YES;
				CLANG_WARN_OBJC_ROOT_CLASS = YES_ERROR;
				CLANG_WARN_RANGE_LOOP_ANALYSIS = YES;
				CLANG_WARN_STRICT_PROTOTYPES = YES;
				CLANG_WARN_SUSPICIOUS_MOVE = YES;
				CLANG_WARN_UNGUARDED_AVAILABILITY = YES_AGGRESSIVE;
				CLANG_WARN_UNREACHABLE_CODE = YES;
				CLANG_WARN__DUPLICATE_METHOD_MATCH = YES;
				CODE_SIGN_IDENTITY = "iPhone Developer";
				COPY_PHASE_STRIP = NO;
				DEBUG_INFORMATION_FORMAT = dwarf;
				ENABLE_STRICT_OBJC_MSGSEND = YES;
				ENABLE_TESTABILITY = YES;
				GCC_C_LANGUAGE_STANDARD = gnu11;
				GCC_DYNAMIC_NO_PIC = NO;
				GCC_NO_COMMON_BLOCKS = YES;
				GCC_OPTIMIZATION_LEVEL = 0;
				GCC_PREPROCESSOR_DEFINITIONS = (
					"DEBUG=1",
					"$(inherited)",
				);
				GCC_WARN_64_TO_32_BIT_CONVERSION = YES;
				GCC_WARN_ABOUT_RETURN_TYPE = YES_ERROR;
				GCC_WARN_UNDECLARED_SELECTOR = YES;
				GCC_WARN_UNINITIALIZED_AUTOS = YES_AGGRESSIVE;
				GCC_WARN_UNUSED_FUNCTION = YES;
				GCC_WARN_UNUSED_VARIABLE = YES;
				IPHONEOS_DEPLOYMENT_TARGET = 11.2;
				MTL_ENABLE_DEBUG_INFO = YES;
				ONLY_ACTIVE_ARCH = YES;
				SDKROOT = iphoneos;
				SWIFT_ACTIVE_COMPILATION_CONDITIONS = DEBUG;
				SWIFT_OPTIMIZATION_LEVEL = "-Onone";
			};
			name = Debug;
		};
		E3D89748203A4F92008D6EBD /* Release */ = {
			isa = XCBuildConfiguration;
			buildSettings = {
				ALWAYS_SEARCH_USER_PATHS = NO;
				CLANG_ANALYZER_NONNULL = YES;
				CLANG_ANALYZER_NUMBER_OBJECT_CONVERSION = YES_AGGRESSIVE;
				CLANG_CXX_LANGUAGE_STANDARD = "gnu++14";
				CLANG_CXX_LIBRARY = "libc++";
				CLANG_ENABLE_MODULES = YES;
				CLANG_ENABLE_OBJC_ARC = YES;
				CLANG_WARN_BLOCK_CAPTURE_AUTORELEASING = YES;
				CLANG_WARN_BOOL_CONVERSION = YES;
				CLANG_WARN_COMMA = YES;
				CLANG_WARN_CONSTANT_CONVERSION = YES;
				CLANG_WARN_DIRECT_OBJC_ISA_USAGE = YES_ERROR;
				CLANG_WARN_DOCUMENTATION_COMMENTS = YES;
				CLANG_WARN_EMPTY_BODY = YES;
				CLANG_WARN_ENUM_CONVERSION = YES;
				CLANG_WARN_INFINITE_RECURSION = YES;
				CLANG_WARN_INT_CONVERSION = YES;
				CLANG_WARN_NON_LITERAL_NULL_CONVERSION = YES;
				CLANG_WARN_OBJC_LITERAL_CONVERSION = YES;
				CLANG_WARN_OBJC_ROOT_CLASS = YES_ERROR;
				CLANG_WARN_RANGE_LOOP_ANALYSIS = YES;
				CLANG_WARN_STRICT_PROTOTYPES = YES;
				CLANG_WARN_SUSPICIOUS_MOVE = YES;
				CLANG_WARN_UNGUARDED_AVAILABILITY = YES_AGGRESSIVE;
				CLANG_WARN_UNREACHABLE_CODE = YES;
				CLANG_WARN__DUPLICATE_METHOD_MATCH = YES;
				CODE_SIGN_IDENTITY = "iPhone Developer";
				COPY_PHASE_STRIP = NO;
				DEBUG_INFORMATION_FORMAT = "dwarf-with-dsym";
				ENABLE_NS_ASSERTIONS = NO;
				ENABLE_STRICT_OBJC_MSGSEND = YES;
				GCC_C_LANGUAGE_STANDARD = gnu11;
				GCC_NO_COMMON_BLOCKS = YES;
				GCC_WARN_64_TO_32_BIT_CONVERSION = YES;
				GCC_WARN_ABOUT_RETURN_TYPE = YES_ERROR;
				GCC_WARN_UNDECLARED_SELECTOR = YES;
				GCC_WARN_UNINITIALIZED_AUTOS = YES_AGGRESSIVE;
				GCC_WARN_UNUSED_FUNCTION = YES;
				GCC_WARN_UNUSED_VARIABLE = YES;
				IPHONEOS_DEPLOYMENT_TARGET = 11.2;
				MTL_ENABLE_DEBUG_INFO = NO;
				SDKROOT = iphoneos;
				SWIFT_OPTIMIZATION_LEVEL = "-Owholemodule";
				VALIDATE_PRODUCT = YES;
			};
			name = Release;
		};
		E3D8974A203A4F92008D6EBD /* Debug */ = {
			isa = XCBuildConfiguration;
			buildSettings = {
				ASSETCATALOG_COMPILER_APPICON_NAME = AppIcon;
				CODE_SIGN_STYLE = Automatic;
				DEVELOPMENT_TEAM = RLST6ENPHQ;
				INFOPLIST_FILE = mealTime/Info.plist;
				LD_RUNPATH_SEARCH_PATHS = "$(inherited) @executable_path/Frameworks";
				PRODUCT_BUNDLE_IDENTIFIER = ATLAS.mealTime;
				PRODUCT_NAME = "$(TARGET_NAME)";
				SWIFT_VERSION = 4.0;
				TARGETED_DEVICE_FAMILY = "1,2";
			};
			name = Debug;
		};
		E3D8974B203A4F92008D6EBD /* Release */ = {
			isa = XCBuildConfiguration;
			buildSettings = {
				ASSETCATALOG_COMPILER_APPICON_NAME = AppIcon;
				CODE_SIGN_STYLE = Automatic;
				DEVELOPMENT_TEAM = RLST6ENPHQ;
				INFOPLIST_FILE = mealTime/Info.plist;
				LD_RUNPATH_SEARCH_PATHS = "$(inherited) @executable_path/Frameworks";
				PRODUCT_BUNDLE_IDENTIFIER = ATLAS.mealTime;
				PRODUCT_NAME = "$(TARGET_NAME)";
				SWIFT_VERSION = 4.0;
				TARGETED_DEVICE_FAMILY = "1,2";
			};
			name = Release;
		};
/* End XCBuildConfiguration section */

/* Begin XCConfigurationList section */
		E3D89732203A4F92008D6EBD /* Build configuration list for PBXProject "mealTime" */ = {
			isa = XCConfigurationList;
			buildConfigurations = (
				E3D89747203A4F92008D6EBD /* Debug */,
				E3D89748203A4F92008D6EBD /* Release */,
			);
			defaultConfigurationIsVisible = 0;
			defaultConfigurationName = Release;
		};
		E3D89749203A4F92008D6EBD /* Build configuration list for PBXNativeTarget "mealTime" */ = {
			isa = XCConfigurationList;
			buildConfigurations = (
				E3D8974A203A4F92008D6EBD /* Debug */,
				E3D8974B203A4F92008D6EBD /* Release */,
			);
			defaultConfigurationIsVisible = 0;
			defaultConfigurationName = Release;
		};
/* End XCConfigurationList section */
	};
	rootObject = E3D8972F203A4F92008D6EBD /* Project object */;
}
