// !$*UTF8*$!
{
	archiveVersion = 1;
	classes = {
	};
	objectVersion = 48;
	objects = {

/* Begin PBXBuildFile section */
		E37FB776204514290017A4B2 /* AppDelegate.swift in Sources */ = {isa = PBXBuildFile; fileRef = E37FB775204514290017A4B2 /* AppDelegate.swift */; };
		E37FB77B204514290017A4B2 /* Main.storyboard in Resources */ = {isa = PBXBuildFile; fileRef = E37FB779204514290017A4B2 /* Main.storyboard */; };
		E37FB77D204514290017A4B2 /* Assets.xcassets in Resources */ = {isa = PBXBuildFile; fileRef = E37FB77C204514290017A4B2 /* Assets.xcassets */; };
		E37FB780204514290017A4B2 /* LaunchScreen.storyboard in Resources */ = {isa = PBXBuildFile; fileRef = E37FB77E204514290017A4B2 /* LaunchScreen.storyboard */; };
		E37FB788204514760017A4B2 /* CollectionViewController.swift in Sources */ = {isa = PBXBuildFile; fileRef = E37FB787204514760017A4B2 /* CollectionViewController.swift */; };
		E37FB78A204514F10017A4B2 /* CollectionViewCell.swift in Sources */ = {isa = PBXBuildFile; fileRef = E37FB789204514F10017A4B2 /* CollectionViewCell.swift */; };
		E37FB78C204521E40017A4B2 /* CollectionSupplementaryView.swift in Sources */ = {isa = PBXBuildFile; fileRef = E37FB78B204521E40017A4B2 /* CollectionSupplementaryView.swift */; };
		E37FB7902045323D0017A4B2 /* DetailViewController.swift in Sources */ = {isa = PBXBuildFile; fileRef = E37FB78F2045323D0017A4B2 /* DetailViewController.swift */; };
/* End PBXBuildFile section */

/* Begin PBXFileReference section */
		E37FB772204514290017A4B2 /* A_Basin.app */ = {isa = PBXFileReference; explicitFileType = wrapper.application; includeInIndex = 0; path = A_Basin.app; sourceTree = BUILT_PRODUCTS_DIR; };
		E37FB775204514290017A4B2 /* AppDelegate.swift */ = {isa = PBXFileReference; lastKnownFileType = sourcecode.swift; path = AppDelegate.swift; sourceTree = "<group>"; };
		E37FB77A204514290017A4B2 /* Base */ = {isa = PBXFileReference; lastKnownFileType = file.storyboard; name = Base; path = Base.lproj/Main.storyboard; sourceTree = "<group>"; };
		E37FB77C204514290017A4B2 /* Assets.xcassets */ = {isa = PBXFileReference; lastKnownFileType = folder.assetcatalog; path = Assets.xcassets; sourceTree = "<group>"; };
		E37FB77F204514290017A4B2 /* Base */ = {isa = PBXFileReference; lastKnownFileType = file.storyboard; name = Base; path = Base.lproj/LaunchScreen.storyboard; sourceTree = "<group>"; };
		E37FB781204514290017A4B2 /* Info.plist */ = {isa = PBXFileReference; lastKnownFileType = text.plist.xml; path = Info.plist; sourceTree = "<group>"; };
		E37FB787204514760017A4B2 /* CollectionViewController.swift */ = {isa = PBXFileReference; lastKnownFileType = sourcecode.swift; path = CollectionViewController.swift; sourceTree = "<group>"; };
		E37FB789204514F10017A4B2 /* CollectionViewCell.swift */ = {isa = PBXFileReference; lastKnownFileType = sourcecode.swift; path = CollectionViewCell.swift; sourceTree = "<group>"; };
		E37FB78B204521E40017A4B2 /* CollectionSupplementaryView.swift */ = {isa = PBXFileReference; lastKnownFileType = sourcecode.swift; path = CollectionSupplementaryView.swift; sourceTree = "<group>"; };
		E37FB78F2045323D0017A4B2 /* DetailViewController.swift */ = {isa = PBXFileReference; lastKnownFileType = sourcecode.swift; path = DetailViewController.swift; sourceTree = "<group>"; };
/* End PBXFileReference section */

/* Begin PBXFrameworksBuildPhase section */
		E37FB76F204514290017A4B2 /* Frameworks */ = {
			isa = PBXFrameworksBuildPhase;
			buildActionMask = 2147483647;
			files = (
			);
			runOnlyForDeploymentPostprocessing = 0;
		};
/* End PBXFrameworksBuildPhase section */

/* Begin PBXGroup section */
		E37FB769204514290017A4B2 = {
			isa = PBXGroup;
			children = (
				E37FB774204514290017A4B2 /* A_Basin */,
				E37FB773204514290017A4B2 /* Products */,
			);
			sourceTree = "<group>";
		};
		E37FB773204514290017A4B2 /* Products */ = {
			isa = PBXGroup;
			children = (
				E37FB772204514290017A4B2 /* A_Basin.app */,
			);
			name = Products;
			sourceTree = "<group>";
		};
		E37FB774204514290017A4B2 /* A_Basin */ = {
			isa = PBXGroup;
			children = (
				E37FB775204514290017A4B2 /* AppDelegate.swift */,
				E37FB787204514760017A4B2 /* CollectionViewController.swift */,
				E37FB789204514F10017A4B2 /* CollectionViewCell.swift */,
				E37FB78B204521E40017A4B2 /* CollectionSupplementaryView.swift */,
				E37FB78F2045323D0017A4B2 /* DetailViewController.swift */,
				E37FB779204514290017A4B2 /* Main.storyboard */,
				E37FB77C204514290017A4B2 /* Assets.xcassets */,
				E37FB77E204514290017A4B2 /* LaunchScreen.storyboard */,
				E37FB781204514290017A4B2 /* Info.plist */,
			);
			path = A_Basin;
			sourceTree = "<group>";
		};
/* End PBXGroup section */

/* Begin PBXNativeTarget section */
		E37FB771204514290017A4B2 /* A_Basin */ = {
			isa = PBXNativeTarget;
			buildConfigurationList = E37FB784204514290017A4B2 /* Build configuration list for PBXNativeTarget "A_Basin" */;
			buildPhases = (
				E37FB76E204514290017A4B2 /* Sources */,
				E37FB76F204514290017A4B2 /* Frameworks */,
				E37FB770204514290017A4B2 /* Resources */,
			);
			buildRules = (
			);
			dependencies = (
			);
			name = A_Basin;
			productName = A_Basin;
			productReference = E37FB772204514290017A4B2 /* A_Basin.app */;
			productType = "com.apple.product-type.application";
		};
/* End PBXNativeTarget section */

/* Begin PBXProject section */
		E37FB76A204514290017A4B2 /* Project object */ = {
			isa = PBXProject;
			attributes = {
				LastSwiftUpdateCheck = 0920;
				LastUpgradeCheck = 0920;
				ORGANIZATIONNAME = "Tyler MIRONUCK";
				TargetAttributes = {
					E37FB771204514290017A4B2 = {
						CreatedOnToolsVersion = 9.2;
						ProvisioningStyle = Automatic;
					};
				};
			};
			buildConfigurationList = E37FB76D204514290017A4B2 /* Build configuration list for PBXProject "A_Basin" */;
			compatibilityVersion = "Xcode 8.0";
			developmentRegion = en;
			hasScannedForEncodings = 0;
			knownRegions = (
				en,
				Base,
			);
			mainGroup = E37FB769204514290017A4B2;
			productRefGroup = E37FB773204514290017A4B2 /* Products */;
			projectDirPath = "";
			projectRoot = "";
			targets = (
				E37FB771204514290017A4B2 /* A_Basin */,
			);
		};
/* End PBXProject section */

/* Begin PBXResourcesBuildPhase section */
		E37FB770204514290017A4B2 /* Resources */ = {
			isa = PBXResourcesBuildPhase;
			buildActionMask = 2147483647;
			files = (
				E37FB780204514290017A4B2 /* LaunchScreen.storyboard in Resources */,
				E37FB77D204514290017A4B2 /* Assets.xcassets in Resources */,
				E37FB77B204514290017A4B2 /* Main.storyboard in Resources */,
			);
			runOnlyForDeploymentPostprocessing = 0;
		};
/* End PBXResourcesBuildPhase section */

/* Begin PBXSourcesBuildPhase section */
		E37FB76E204514290017A4B2 /* Sources */ = {
			isa = PBXSourcesBuildPhase;
			buildActionMask = 2147483647;
			files = (
				E37FB78C204521E40017A4B2 /* CollectionSupplementaryView.swift in Sources */,
				E37FB788204514760017A4B2 /* CollectionViewController.swift in Sources */,
				E37FB7902045323D0017A4B2 /* DetailViewController.swift in Sources */,
				E37FB776204514290017A4B2 /* AppDelegate.swift in Sources */,
				E37FB78A204514F10017A4B2 /* CollectionViewCell.swift in Sources */,
			);
			runOnlyForDeploymentPostprocessing = 0;
		};
/* End PBXSourcesBuildPhase section */

/* Begin PBXVariantGroup section */
		E37FB779204514290017A4B2 /* Main.storyboard */ = {
			isa = PBXVariantGroup;
			children = (
				E37FB77A204514290017A4B2 /* Base */,
			);
			name = Main.storyboard;
			sourceTree = "<group>";
		};
		E37FB77E204514290017A4B2 /* LaunchScreen.storyboard */ = {
			isa = PBXVariantGroup;
			children = (
				E37FB77F204514290017A4B2 /* Base */,
			);
			name = LaunchScreen.storyboard;
			sourceTree = "<group>";
		};
/* End PBXVariantGroup section */

/* Begin XCBuildConfiguration section */
		E37FB782204514290017A4B2 /* Debug */ = {
			isa = XCBuildConfiguration;
			buildSettings = {
				ALWAYS_SEARCH_USER_PATHS = NO;
				CLANG_ANALYZER_NONNULL = YES;
				CLANG_ANALYZER_NUMBER_OBJECT_CONVERSION = YES_AGGRESSIVE;
				CLANG_CXX_LANGUAGE_STANDARD = "gnu++14";
				CLANG_CXX_LIBRARY = "libc++";
				CLANG_ENABLE_MODULES = YES;
				CLANG_ENABLE_OBJC_ARC = YES;
				CLANG_WARN_BLOCK_CAPTURE_AUTORELEASING = YES;
				CLANG_WARN_BOOL_CONVERSION = YES;
				CLANG_WARN_COMMA = YES;
				CLANG_WARN_CONSTANT_CONVERSION = YES;
				CLANG_WARN_DIRECT_OBJC_ISA_USAGE = YES_ERROR;
				CLANG_WARN_DOCUMENTATION_COMMENTS = YES;
				CLANG_WARN_EMPTY_BODY = YES;
				CLANG_WARN_ENUM_CONVERSION = YES;
				CLANG_WARN_INFINITE_RECURSION = YES;
				CLANG_WARN_INT_CONVERSION = YES;
				CLANG_WARN_NON_LITERAL_NULL_CONVERSION = YES;
				CLANG_WARN_OBJC_LITERAL_CONVERSION = YES;
				CLANG_WARN_OBJC_ROOT_CLASS = YES_ERROR;
				CLANG_WARN_RANGE_LOOP_ANALYSIS = YES;
				CLANG_WARN_STRICT_PROTOTYPES = YES;
				CLANG_WARN_SUSPICIOUS_MOVE = YES;
				CLANG_WARN_UNGUARDED_AVAILABILITY = YES_AGGRESSIVE;
				CLANG_WARN_UNREACHABLE_CODE = YES;
				CLANG_WARN__DUPLICATE_METHOD_MATCH = YES;
				CODE_SIGN_IDENTITY = "iPhone Developer";
				COPY_PHASE_STRIP = NO;
				DEBUG_INFORMATION_FORMAT = dwarf;
				ENABLE_STRICT_OBJC_MSGSEND = YES;
				ENABLE_TESTABILITY = YES;
				GCC_C_LANGUAGE_STANDARD = gnu11;
				GCC_DYNAMIC_NO_PIC = NO;
				GCC_NO_COMMON_BLOCKS = YES;
				GCC_OPTIMIZATION_LEVEL = 0;
				GCC_PREPROCESSOR_DEFINITIONS = (
					"DEBUG=1",
					"$(inherited)",
				);
				GCC_WARN_64_TO_32_BIT_CONVERSION = YES;
				GCC_WARN_ABOUT_RETURN_TYPE = YES_ERROR;
				GCC_WARN_UNDECLARED_SELECTOR = YES;
				GCC_WARN_UNINITIALIZED_AUTOS = YES_AGGRESSIVE;
				GCC_WARN_UNUSED_FUNCTION = YES;
				GCC_WARN_UNUSED_VARIABLE = YES;
				IPHONEOS_DEPLOYMENT_TARGET = 11.2;
				MTL_ENABLE_DEBUG_INFO = YES;
				ONLY_ACTIVE_ARCH = YES;
				SDKROOT = iphoneos;
				SWIFT_ACTIVE_COMPILATION_CONDITIONS = DEBUG;
				SWIFT_OPTIMIZATION_LEVEL = "-Onone";
			};
			name = Debug;
		};
		E37FB783204514290017A4B2 /* Release */ = {
			isa = XCBuildConfiguration;
			buildSettings = {
				ALWAYS_SEARCH_USER_PATHS = NO;
				CLANG_ANALYZER_NONNULL = YES;
				CLANG_ANALYZER_NUMBER_OBJECT_CONVERSION = YES_AGGRESSIVE;
				CLANG_CXX_LANGUAGE_STANDARD = "gnu++14";
				CLANG_CXX_LIBRARY = "libc++";
				CLANG_ENABLE_MODULES = YES;
				CLANG_ENABLE_OBJC_ARC = YES;
				CLANG_WARN_BLOCK_CAPTURE_AUTORELEASING = YES;
				CLANG_WARN_BOOL_CONVERSION = YES;
				CLANG_WARN_COMMA = YES;
				CLANG_WARN_CONSTANT_CONVERSION = YES;
				CLANG_WARN_DIRECT_OBJC_ISA_USAGE = YES_ERROR;
				CLANG_WARN_DOCUMENTATION_COMMENTS = YES;
				CLANG_WARN_EMPTY_BODY = YES;
				CLANG_WARN_ENUM_CONVERSION = YES;
				CLANG_WARN_INFINITE_RECURSION = YES;
				CLANG_WARN_INT_CONVERSION = YES;
				CLANG_WARN_NON_LITERAL_NULL_CONVERSION = YES;
				CLANG_WARN_OBJC_LITERAL_CONVERSION = YES;
				CLANG_WARN_OBJC_ROOT_CLASS = YES_ERROR;
				CLANG_WARN_RANGE_LOOP_ANALYSIS = YES;
				CLANG_WARN_STRICT_PROTOTYPES = YES;
				CLANG_WARN_SUSPICIOUS_MOVE = YES;
				CLANG_WARN_UNGUARDED_AVAILABILITY = YES_AGGRESSIVE;
				CLANG_WARN_UNREACHABLE_CODE = YES;
				CLANG_WARN__DUPLICATE_METHOD_MATCH = YES;
				CODE_SIGN_IDENTITY = "iPhone Developer";
				COPY_PHASE_STRIP = NO;
				DEBUG_INFORMATION_FORMAT = "dwarf-with-dsym";
				ENABLE_NS_ASSERTIONS = NO;
				ENABLE_STRICT_OBJC_MSGSEND = YES;
				GCC_C_LANGUAGE_STANDARD = gnu11;
				GCC_NO_COMMON_BLOCKS = YES;
				GCC_WARN_64_TO_32_BIT_CONVERSION = YES;
				GCC_WARN_ABOUT_RETURN_TYPE = YES_ERROR;
				GCC_WARN_UNDECLARED_SELECTOR = YES;
				GCC_WARN_UNINITIALIZED_AUTOS = YES_AGGRESSIVE;
				GCC_WARN_UNUSED_FUNCTION = YES;
				GCC_WARN_UNUSED_VARIABLE = YES;
				IPHONEOS_DEPLOYMENT_TARGET = 11.2;
				MTL_ENABLE_DEBUG_INFO = NO;
				SDKROOT = iphoneos;
				SWIFT_OPTIMIZATION_LEVEL = "-Owholemodule";
				VALIDATE_PRODUCT = YES;
			};
			name = Release;
		};
		E37FB785204514290017A4B2 /* Debug */ = {
			isa = XCBuildConfiguration;
			buildSettings = {
				ASSETCATALOG_COMPILER_APPICON_NAME = AppIcon;
				CODE_SIGN_STYLE = Automatic;
				DEVELOPMENT_TEAM = RLST6ENPHQ;
				INFOPLIST_FILE = A_Basin/Info.plist;
				LD_RUNPATH_SEARCH_PATHS = "$(inherited) @executable_path/Frameworks";
				PRODUCT_BUNDLE_IDENTIFIER = "ATLAS.A-Basin";
				PRODUCT_NAME = "$(TARGET_NAME)";
				SWIFT_VERSION = 4.0;
				TARGETED_DEVICE_FAMILY = "1,2";
			};
			name = Debug;
		};
		E37FB786204514290017A4B2 /* Release */ = {
			isa = XCBuildConfiguration;
			buildSettings = {
				ASSETCATALOG_COMPILER_APPICON_NAME = AppIcon;
				CODE_SIGN_STYLE = Automatic;
				DEVELOPMENT_TEAM = RLST6ENPHQ;
				INFOPLIST_FILE = A_Basin/Info.plist;
				LD_RUNPATH_SEARCH_PATHS = "$(inherited) @executable_path/Frameworks";
				PRODUCT_BUNDLE_IDENTIFIER = "ATLAS.A-Basin";
				PRODUCT_NAME = "$(TARGET_NAME)";
				SWIFT_VERSION = 4.0;
				TARGETED_DEVICE_FAMILY = "1,2";
			};
			name = Release;
		};
/* End XCBuildConfiguration section */

/* Begin XCConfigurationList section */
		E37FB76D204514290017A4B2 /* Build configuration list for PBXProject "A_Basin" */ = {
			isa = XCConfigurationList;
			buildConfigurations = (
				E37FB782204514290017A4B2 /* Debug */,
				E37FB783204514290017A4B2 /* Release */,
			);
			defaultConfigurationIsVisible = 0;
			defaultConfigurationName = Release;
		};
		E37FB784204514290017A4B2 /* Build configuration list for PBXNativeTarget "A_Basin" */ = {
			isa = XCConfigurationList;
			buildConfigurations = (
				E37FB785204514290017A4B2 /* Debug */,
				E37FB786204514290017A4B2 /* Release */,
			);
			defaultConfigurationIsVisible = 0;
			defaultConfigurationName = Release;
		};
/* End XCConfigurationList section */
	};
	rootObject = E37FB76A204514290017A4B2 /* Project object */;
}
